
Microsoft Visual Studio Solution File, Format Version 12.00
# Visual Studio Version 17
VisualStudioVersion = 17.0.31903.59
MinimumVisualStudioVersion = 10.0.40219.1
Project("{FAE04EC0-301F-11D3-BF4B-00C04F79EFBC}") = "WebProject", "WebProject\WebProject.csproj", "{FCE917A9-6A77-4E23-9301-36804D5B681C}"
EndProject
Project("{FAE04EC0-301F-11D3-BF4B-00C04F79EFBC}") = "SourceGenerator", "SourceGenerator\SourceGenerator.csproj", "{4757CAB0-556E-4551-AC58-84E059265905}"
EndProject
Project("{FAE04EC0-301F-11D3-BF4B-00C04F79EFBC}") = "SourceGenerator.SharedLibrary", "SourceGenerator.SharedLibrary\SourceGenerator.SharedLibrary.csproj", "{509683DE-1059-4AC1-9959-99170A69FDBB}"
EndProject
Global
	GlobalSection(SolutionConfigurationPlatforms) = preSolution
		Debug|Any CPU = Debug|Any CPU
		Release|Any CPU = Release|Any CPU
	EndGlobalSection
	GlobalSection(SolutionProperties) = preSolution
		HideSolutionNode = FALSE
	EndGlobalSection
	GlobalSection(ProjectConfigurationPlatforms) = postSolution
		{FCE917A9-6A77-4E23-9301-36804D5B681C}.Debug|Any CPU.ActiveCfg = Debug|Any CPU
		{FCE917A9-6A77-4E23-9301-36804D5B681C}.Debug|Any CPU.Build.0 = Debug|Any CPU
		{FCE917A9-6A77-4E23-9301-36804D5B681C}.Release|Any CPU.ActiveCfg = Release|Any CPU
		{FCE917A9-6A77-4E23-9301-36804D5B681C}.Release|Any CPU.Build.0 = Release|Any CPU
		{4757CAB0-556E-4551-AC58-84E059265905}.Debug|Any CPU.ActiveCfg = Debug|Any CPU
		{4757CAB0-556E-4551-AC58-84E059265905}.Debug|Any CPU.Build.0 = Debug|Any CPU
		{4757CAB0-556E-4551-AC58-84E059265905}.Release|Any CPU.ActiveCfg = Release|Any CPU
		{4757CAB0-556E-4551-AC58-84E059265905}.Release|Any CPU.Build.0 = Release|Any CPU
		{509683DE-1059-4AC1-9959-99170A69FDBB}.Debug|Any CPU.ActiveCfg = Debug|Any CPU
		{509683DE-1059-4AC1-9959-99170A69FDBB}.Debug|Any CPU.Build.0 = Debug|Any CPU
		{509683DE-1059-4AC1-9959-99170A69FDBB}.Release|Any CPU.ActiveCfg = Release|Any CPU
		{509683DE-1059-4AC1-9959-99170A69FDBB}.Release|Any CPU.Build.0 = Release|Any CPU
	EndGlobalSection
EndGlobal
